
Microsoft Visual Studio Solution File, Format Version 12.00
# Visual Studio 2013
VisualStudioVersion = 12.0.21005.1
MinimumVisualStudioVersion = 10.0.40219.1
Project("{FAE04EC0-301F-11D3-BF4B-00C04F79EFBC}") = "Test", "Test\Test.csproj", "{E465322B-A2FE-4C35-BD55-A3E62142D84B}"
EndProject
Project("{FAE04EC0-301F-11D3-BF4B-00C04F79EFBC}") = "Evercam.V1", "Evercam.V1\Evercam.V1.csproj", "{132F7DC0-372D-4D00-8805-5E61691E203E}"
EndProject
Project("{FAE04EC0-301F-11D3-BF4B-00C04F79EFBC}") = "Evercam.V1Tests", "Evercam.V1Tests\Evercam.V1Tests.csproj", "{4B26F3F8-C488-4560-B861-260BE3118FA8}"
EndProject
Project("{2150E333-8FDC-42A3-9474-1A3956D46DE8}") = "Solution Items", "Solution Items", "{1C9BA8EC-20D3-4776-8261-5F781855F1B9}"
	ProjectSection(SolutionItems) = preProject
		Build\Evercam.V1.dll = Build\Evercam.V1.dll
		Readme.md = Readme.md
	EndProjectSection
EndProject
Global
	GlobalSection(SolutionConfigurationPlatforms) = preSolution
		Debug|Any CPU = Debug|Any CPU
		Release|Any CPU = Release|Any CPU
	EndGlobalSection
	GlobalSection(ProjectConfigurationPlatforms) = postSolution
		{E465322B-A2FE-4C35-BD55-A3E62142D84B}.Debug|Any CPU.ActiveCfg = Debug|Any CPU
		{E465322B-A2FE-4C35-BD55-A3E62142D84B}.Debug|Any CPU.Build.0 = Debug|Any CPU
		{E465322B-A2FE-4C35-BD55-A3E62142D84B}.Release|Any CPU.ActiveCfg = Release|Any CPU
		{E465322B-A2FE-4C35-BD55-A3E62142D84B}.Release|Any CPU.Build.0 = Release|Any CPU
		{132F7DC0-372D-4D00-8805-5E61691E203E}.Debug|Any CPU.ActiveCfg = Debug|Any CPU
		{132F7DC0-372D-4D00-8805-5E61691E203E}.Debug|Any CPU.Build.0 = Debug|Any CPU
		{132F7DC0-372D-4D00-8805-5E61691E203E}.Release|Any CPU.ActiveCfg = Release|Any CPU
		{132F7DC0-372D-4D00-8805-5E61691E203E}.Release|Any CPU.Build.0 = Release|Any CPU
		{4B26F3F8-C488-4560-B861-260BE3118FA8}.Debug|Any CPU.ActiveCfg = Debug|Any CPU
		{4B26F3F8-C488-4560-B861-260BE3118FA8}.Debug|Any CPU.Build.0 = Debug|Any CPU
		{4B26F3F8-C488-4560-B861-260BE3118FA8}.Release|Any CPU.ActiveCfg = Release|Any CPU
		{4B26F3F8-C488-4560-B861-260BE3118FA8}.Release|Any CPU.Build.0 = Release|Any CPU
	EndGlobalSection
	GlobalSection(SolutionProperties) = preSolution
		HideSolutionNode = FALSE
	EndGlobalSection
EndGlobal
